PODS:
  - Alamofire (4.8.2)
  - BlueSignals (1.0.21)
  - CocoaLumberjack/Core (3.5.3)
  - CocoaLumberjack/Swift (3.5.3):
    - CocoaLumberjack/Core
  - ObjCCommandLine (0.0.4)
  - Then (2.6.0)
  - Yams (4.0.3)

DEPENDENCIES:
  - Alamofire (~> 4.8.2)
  - BlueSignals (~> 1.0.20)
  - CocoaLumberjack/Swift
  - "CocoaLumberjack/Swift (from `git@github.com:Whirlwind/CocoaLumberjack.git`, branch `mbox2`)"
  - ObjCCommandLine
  - Then (~> 2.6.0)
  - Yams (~> 4.0)

SPEC REPOS:
  trunk:
    - Alamofire
    - BlueSignals
    - ObjCCommandLine
    - Then
    - Yams

EXTERNAL SOURCES:
  CocoaLumberjack:
    :branch: mbox2
    :git: "git@github.com:Whirlwind/CocoaLumberjack.git"

CHECKOUT OPTIONS:
  CocoaLumberjack:
    :commit: ac030776f1bc6077a6b7e77ddca49455946bd56d
    :git: "git@github.com:Whirlwind/CocoaLumberjack.git"

SPEC CHECKSUMS:
  Alamofire: ae5c501addb7afdbb13687d7f2f722c78734c2d3
  BlueSignals: a18937bb79a865022c85210b94a24cf270b4ea10
  CocoaLumberjack: a7872dad8251a714a74b16c78344b56a2cde3bd0
  ObjCCommandLine: f131274a69f68cb70dfeffec2da629e41a0ac9c9
  Then: 90cd104fd951cec1980a03f57704ad8f784d4d79
  Yams: 3d608cd9c8c0fbc1befafe6a2b9a6c6db5e325d5

PODFILE CHECKSUM: e10de934490360089958182bd34aeb0e21f77653

COCOAPODS: 1.6.2
